
Microsoft Visual Studio Solution File, Format Version 12.00
# Visual Studio Version 16
VisualStudioVersion = 16.0.30225.117
MinimumVisualStudioVersion = 10.0.40219.1
Project("{9A19103F-16F7-4668-BE54-9A1E7A4F7556}") = "KampIntro", "KampIntro\KampIntro.csproj", "{34101CA8-0C43-49A8-A3ED-FF1C52C2FEE1}"
EndProject
Project("{9A19103F-16F7-4668-BE54-9A1E7A4F7556}") = "Donguler", "Donguler\Donguler.csproj", "{42DEF691-B963-4AB9-B126-BBDA662ACC1C}"
EndProject
Project("{9A19103F-16F7-4668-BE54-9A1E7A4F7556}") = "ClassIntro", "ClassIntro\ClassIntro.csproj", "{004F466E-CD41-49D9-9ECA-7BBD65EA3F27}"
EndProject
Project("{9A19103F-16F7-4668-BE54-9A1E7A4F7556}") = "Metotlar", "Metotlar\Metotlar.csproj", "{3440D2FA-1B13-4A8C-8FFA-30F8160E1CD4}"
EndProject
Project("{9A19103F-16F7-4668-BE54-9A1E7A4F7556}") = "Matematik", "Matematik\Matematik.csproj", "{D0ABD21A-1CF8-4D92-9D08-62EBF1DAF981}"
EndProject
Project("{9A19103F-16F7-4668-BE54-9A1E7A4F7556}") = "DegerVeReferansTipler", "DegerVeReferansTipler\DegerVeReferansTipler.csproj", "{5D552AE8-6F3B-4BF9-8A2B-45AA2767D1CF}"
EndProject
Project("{9A19103F-16F7-4668-BE54-9A1E7A4F7556}") = "OOP1", "OOP1\OOP1.csproj", "{3465AE55-7FA4-404A-B35B-F464F077F987}"
EndProject
Project("{9A19103F-16F7-4668-BE54-9A1E7A4F7556}") = "Koleksiyonlar", "Koleksiyonlar\Koleksiyonlar.csproj", "{603E4376-FAE5-470E-8058-E8C97D0F59D3}"
EndProject
Project("{9A19103F-16F7-4668-BE54-9A1E7A4F7556}") = "GenericsIntro", "GenericsIntro\GenericsIntro.csproj", "{94DC4DC6-C582-41E3-B1E2-7EC3A88E2E10}"
EndProject
Project("{FAE04EC0-301F-11D3-BF4B-00C04F79EFBC}") = "OOP2", "OOP2\OOP2.csproj", "{485DC658-4CE7-4EE4-B6EB-E91FE0ACE6ED}"
EndProject
Project("{FAE04EC0-301F-11D3-BF4B-00C04F79EFBC}") = "OOP3", "OOP3\OOP3.csproj", "{468F354C-B5B1-49ED-9B4E-E824D40475C1}"
EndProject
Global
	GlobalSection(SolutionConfigurationPlatforms) = preSolution
		Debug|Any CPU = Debug|Any CPU
		Release|Any CPU = Release|Any CPU
	EndGlobalSection
	GlobalSection(ProjectConfigurationPlatforms) = postSolution
		{34101CA8-0C43-49A8-A3ED-FF1C52C2FEE1}.Debug|Any CPU.ActiveCfg = Debug|Any CPU
		{34101CA8-0C43-49A8-A3ED-FF1C52C2FEE1}.Debug|Any CPU.Build.0 = Debug|Any CPU
		{34101CA8-0C43-49A8-A3ED-FF1C52C2FEE1}.Release|Any CPU.ActiveCfg = Release|Any CPU
		{34101CA8-0C43-49A8-A3ED-FF1C52C2FEE1}.Release|Any CPU.Build.0 = Release|Any CPU
		{42DEF691-B963-4AB9-B126-BBDA662ACC1C}.Debug|Any CPU.ActiveCfg = Debug|Any CPU
		{42DEF691-B963-4AB9-B126-BBDA662ACC1C}.Debug|Any CPU.Build.0 = Debug|Any CPU
		{42DEF691-B963-4AB9-B126-BBDA662ACC1C}.Release|Any CPU.ActiveCfg = Release|Any CPU
		{42DEF691-B963-4AB9-B126-BBDA662ACC1C}.Release|Any CPU.Build.0 = Release|Any CPU
		{004F466E-CD41-49D9-9ECA-7BBD65EA3F27}.Debug|Any CPU.ActiveCfg = Debug|Any CPU
		{004F466E-CD41-49D9-9ECA-7BBD65EA3F27}.Debug|Any CPU.Build.0 = Debug|Any CPU
		{004F466E-CD41-49D9-9ECA-7BBD65EA3F27}.Release|Any CPU.ActiveCfg = Release|Any CPU
		{004F466E-CD41-49D9-9ECA-7BBD65EA3F27}.Release|Any CPU.Build.0 = Release|Any CPU
		{3440D2FA-1B13-4A8C-8FFA-30F8160E1CD4}.Debug|Any CPU.ActiveCfg = Debug|Any CPU
		{3440D2FA-1B13-4A8C-8FFA-30F8160E1CD4}.Debug|Any CPU.Build.0 = Debug|Any CPU
		{3440D2FA-1B13-4A8C-8FFA-30F8160E1CD4}.Release|Any CPU.ActiveCfg = Release|Any CPU
		{3440D2FA-1B13-4A8C-8FFA-30F8160E1CD4}.Release|Any CPU.Build.0 = Release|Any CPU
		{D0ABD21A-1CF8-4D92-9D08-62EBF1DAF981}.Debug|Any CPU.ActiveCfg = Debug|Any CPU
		{D0ABD21A-1CF8-4D92-9D08-62EBF1DAF981}.Debug|Any CPU.Build.0 = Debug|Any CPU
		{D0ABD21A-1CF8-4D92-9D08-62EBF1DAF981}.Release|Any CPU.ActiveCfg = Release|Any CPU
		{D0ABD21A-1CF8-4D92-9D08-62EBF1DAF981}.Release|Any CPU.Build.0 = Release|Any CPU
		{5D552AE8-6F3B-4BF9-8A2B-45AA2767D1CF}.Debug|Any CPU.ActiveCfg = Debug|Any CPU
		{5D552AE8-6F3B-4BF9-8A2B-45AA2767D1CF}.Debug|Any CPU.Build.0 = Debug|Any CPU
		{5D552AE8-6F3B-4BF9-8A2B-45AA2767D1CF}.Release|Any CPU.ActiveCfg = Release|Any CPU
		{5D552AE8-6F3B-4BF9-8A2B-45AA2767D1CF}.Release|Any CPU.Build.0 = Release|Any CPU
		{3465AE55-7FA4-404A-B35B-F464F077F987}.Debug|Any CPU.ActiveCfg = Debug|Any CPU
		{3465AE55-7FA4-404A-B35B-F464F077F987}.Debug|Any CPU.Build.0 = Debug|Any CPU
		{3465AE55-7FA4-404A-B35B-F464F077F987}.Release|Any CPU.ActiveCfg = Release|Any CPU
		{3465AE55-7FA4-404A-B35B-F464F077F987}.Release|Any CPU.Build.0 = Release|Any CPU
		{603E4376-FAE5-470E-8058-E8C97D0F59D3}.Debug|Any CPU.ActiveCfg = Debug|Any CPU
		{603E4376-FAE5-470E-8058-E8C97D0F59D3}.Debug|Any CPU.Build.0 = Debug|Any CPU
		{603E4376-FAE5-470E-8058-E8C97D0F59D3}.Release|Any CPU.ActiveCfg = Release|Any CPU
		{603E4376-FAE5-470E-8058-E8C97D0F59D3}.Release|Any CPU.Build.0 = Release|Any CPU
		{94DC4DC6-C582-41E3-B1E2-7EC3A88E2E10}.Debug|Any CPU.ActiveCfg = Debug|Any CPU
		{94DC4DC6-C582-41E3-B1E2-7EC3A88E2E10}.Debug|Any CPU.Build.0 = Debug|Any CPU
		{94DC4DC6-C582-41E3-B1E2-7EC3A88E2E10}.Release|Any CPU.ActiveCfg = Release|Any CPU
		{94DC4DC6-C582-41E3-B1E2-7EC3A88E2E10}.Release|Any CPU.Build.0 = Release|Any CPU
		{485DC658-4CE7-4EE4-B6EB-E91FE0ACE6ED}.Debug|Any CPU.ActiveCfg = Debug|Any CPU
		{485DC658-4CE7-4EE4-B6EB-E91FE0ACE6ED}.Debug|Any CPU.Build.0 = Debug|Any CPU
		{485DC658-4CE7-4EE4-B6EB-E91FE0ACE6ED}.Release|Any CPU.ActiveCfg = Release|Any CPU
		{485DC658-4CE7-4EE4-B6EB-E91FE0ACE6ED}.Release|Any CPU.Build.0 = Release|Any CPU
		{468F354C-B5B1-49ED-9B4E-E824D40475C1}.Debug|Any CPU.ActiveCfg = Debug|Any CPU
		{468F354C-B5B1-49ED-9B4E-E824D40475C1}.Debug|Any CPU.Build.0 = Debug|Any CPU
		{468F354C-B5B1-49ED-9B4E-E824D40475C1}.Release|Any CPU.ActiveCfg = Release|Any CPU
		{468F354C-B5B1-49ED-9B4E-E824D40475C1}.Release|Any CPU.Build.0 = Release|Any CPU
	EndGlobalSection
	GlobalSection(SolutionProperties) = preSolution
		HideSolutionNode = FALSE
	EndGlobalSection
	GlobalSection(ExtensibilityGlobals) = postSolution
		SolutionGuid = {4C8845DC-7E7F-4984-A14C-87D4E68190DE}
	EndGlobalSection
EndGlobal
